// !$*UTF8*$!
{
	archiveVersion = 1;
	classes = {
	};
	objectVersion = 46;
	objects = {

/* Begin PBXBuildFile section */
		74DE4B34403B481EA6C95737 /* Pods_TVideoRoom.framework in Frameworks */ = {isa = PBXBuildFile; fileRef = 3A05038CEC7076ADA61914DD /* Pods_TVideoRoom.framework */; };
		DE16451B1D1F7C2D00E21B4A /* RankViewController.swift in Sources */ = {isa = PBXBuildFile; fileRef = DE16451A1D1F7C2D00E21B4A /* RankViewController.swift */; };
		DE16451D1D1F7C5F00E21B4A /* FindViewController.swift in Sources */ = {isa = PBXBuildFile; fileRef = DE16451C1D1F7C5F00E21B4A /* FindViewController.swift */; };
		DE16451F1D1F7C7F00E21B4A /* MyDetailViewController.swift in Sources */ = {isa = PBXBuildFile; fileRef = DE16451E1D1F7C7F00E21B4A /* MyDetailViewController.swift */; };
		DE1645221D1F8B1000E21B4A /* ProgressHUDManager.swift in Sources */ = {isa = PBXBuildFile; fileRef = DE1645211D1F8B1000E21B4A /* ProgressHUDManager.swift */; };
		DE1645251D1F8E6D00E21B4A /* LFBCollectionView.swift in Sources */ = {isa = PBXBuildFile; fileRef = DE1645241D1F8E6D00E21B4A /* LFBCollectionView.swift */; };
		DE1645271D1F8F4000E21B4A /* PageScrollView.swift in Sources */ = {isa = PBXBuildFile; fileRef = DE1645261D1F8F4000E21B4A /* PageScrollView.swift */; };
		DE1645291D1F8FDB00E21B4A /* HomeTableHeadView.swift in Sources */ = {isa = PBXBuildFile; fileRef = DE1645281D1F8FDB00E21B4A /* HomeTableHeadView.swift */; };
		DE16452D1D1F912900E21B4A /* DictModelProtocol.swift in Sources */ = {isa = PBXBuildFile; fileRef = DE16452C1D1F912900E21B4A /* DictModelProtocol.swift */; };
		DE16452F1D1F96BD00E21B4A /* HomeCell.swift in Sources */ = {isa = PBXBuildFile; fileRef = DE16452E1D1F96BD00E21B4A /* HomeCell.swift */; };
		DE1645311D1FBE1A00E21B4A /* FreshHot.swift in Sources */ = {isa = PBXBuildFile; fileRef = DE1645301D1FBE1A00E21B4A /* FreshHot.swift */; };
		DE1645331D1FBF8700E21B4A /* WebViewController.swift in Sources */ = {isa = PBXBuildFile; fileRef = DE1645321D1FBF8700E21B4A /* WebViewController.swift */; };
		DE1645351D1FBFD200E21B4A /* LoadProgressAnimationView.swift in Sources */ = {isa = PBXBuildFile; fileRef = DE1645341D1FBFD200E21B4A /* LoadProgressAnimationView.swift */; };
		DE1645371D1FC55900E21B4A /* LFBRefreshHeader.swift in Sources */ = {isa = PBXBuildFile; fileRef = DE1645361D1FC55900E21B4A /* LFBRefreshHeader.swift */; };
		DE1645391D20C7EC00E21B4A /* HttpTavenService.swift in Sources */ = {isa = PBXBuildFile; fileRef = DE1645381D20C7EC00E21B4A /* HttpTavenService.swift */; };
		DE16453D1D20E10F00E21B4A /* HomeViewData.swift in Sources */ = {isa = PBXBuildFile; fileRef = DE16453C1D20E10F00E21B4A /* HomeViewData.swift */; };
		DE3641621D004FC600A3FE24 /* AppDelegate.swift in Sources */ = {isa = PBXBuildFile; fileRef = DE3641611D004FC600A3FE24 /* AppDelegate.swift */; };
		DE3641641D004FC600A3FE24 /* HomeViewController.swift in Sources */ = {isa = PBXBuildFile; fileRef = DE3641631D004FC600A3FE24 /* HomeViewController.swift */; };
		DE3641671D004FC600A3FE24 /* Main.storyboard in Resources */ = {isa = PBXBuildFile; fileRef = DE3641651D004FC600A3FE24 /* Main.storyboard */; };
		DE3641691D004FC600A3FE24 /* Assets.xcassets in Resources */ = {isa = PBXBuildFile; fileRef = DE3641681D004FC600A3FE24 /* Assets.xcassets */; };
		DE36416C1D004FC600A3FE24 /* LaunchScreen.storyboard in Resources */ = {isa = PBXBuildFile; fileRef = DE36416A1D004FC600A3FE24 /* LaunchScreen.storyboard */; };
		DE3641791D00507A00A3FE24 /* DataCenter.swift in Sources */ = {isa = PBXBuildFile; fileRef = DE3641781D00507A00A3FE24 /* DataCenter.swift */; };
		DE3641851D0050CA00A3FE24 /* As3MsgControl.swift in Sources */ = {isa = PBXBuildFile; fileRef = DE36417D1D0050CA00A3FE24 /* As3MsgControl.swift */; };
		DE3641861D0050CA00A3FE24 /* RMessages.swift in Sources */ = {isa = PBXBuildFile; fileRef = DE36417E1D0050CA00A3FE24 /* RMessages.swift */; };
		DE3641871D0050CA00A3FE24 /* SMessages.swift in Sources */ = {isa = PBXBuildFile; fileRef = DE36417F1D0050CA00A3FE24 /* SMessages.swift */; };
		DE3641881D0050CA00A3FE24 /* EventCollection.swift in Sources */ = {isa = PBXBuildFile; fileRef = DE3641801D0050CA00A3FE24 /* EventCollection.swift */; };
		DE3641891D0050CA00A3FE24 /* SocketManager.swift in Sources */ = {isa = PBXBuildFile; fileRef = DE3641831D0050CA00A3FE24 /* SocketManager.swift */; };
		DE696AF41D2CBC1F007F69F7 /* libFlurry_7.6.4.a in Frameworks */ = {isa = PBXBuildFile; fileRef = DE696AF31D2CBC1F007F69F7 /* libFlurry_7.6.4.a */; };
		DE696AFD1D2D0DA2007F69F7 /* TChat.framework in Frameworks */ = {isa = PBXBuildFile; fileRef = DE05D4901D2BE0820015FE5A /* TChat.framework */; };
		DE696B131D2E3B66007F69F7 /* AlertViewUtils.swift in Sources */ = {isa = PBXBuildFile; fileRef = DE696B121D2E3B66007F69F7 /* AlertViewUtils.swift */; };
		DE7A27A81D1AD22100DAAD8C /* NSLoggerSupport.swift in Sources */ = {isa = PBXBuildFile; fileRef = DE7A27A71D1AD22100DAAD8C /* NSLoggerSupport.swift */; };
		DE7D6AAD1D2FEB99001FC105 /* TRtmpPlay.framework in Frameworks */ = {isa = PBXBuildFile; fileRef = DE7D6AAC1D2FEB99001FC105 /* TRtmpPlay.framework */; };
		DEA1CFA21D368C75006F290E /* Alamofire.framework in Frameworks */ = {isa = PBXBuildFile; fileRef = DEA1CFA11D368C75006F290E /* Alamofire.framework */; };
		DEBE43941D1EB33F00178DA7 /* MainTabBarController.swift in Sources */ = {isa = PBXBuildFile; fileRef = DEBE43931D1EB33F00178DA7 /* MainTabBarController.swift */; };
		DEBE43961D1EB56100178DA7 /* GlobalConfig.swift in Sources */ = {isa = PBXBuildFile; fileRef = DEBE43951D1EB56100178DA7 /* GlobalConfig.swift */; };
		DEBE439B1D1EB75F00178DA7 /* UIExtension.swift in Sources */ = {isa = PBXBuildFile; fileRef = DEBE439A1D1EB75F00178DA7 /* UIExtension.swift */; };
		DEBE439D1D1EB80B00178DA7 /* CustomButton.swift in Sources */ = {isa = PBXBuildFile; fileRef = DEBE439C1D1EB80B00178DA7 /* CustomButton.swift */; };
		DEBE439F1D1EBA0500178DA7 /* BaseTabViewController.swift in Sources */ = {isa = PBXBuildFile; fileRef = DEBE439E1D1EBA0500178DA7 /* BaseTabViewController.swift */; };
		DEBE43AE1D1EF15100178DA7 /* BaseNavigationController.swift in Sources */ = {isa = PBXBuildFile; fileRef = DEBE43AC1D1EC05F00178DA7 /* BaseNavigationController.swift */; };
		DEBE43B01D1EF24100178DA7 /* UIKit.framework in Frameworks */ = {isa = PBXBuildFile; fileRef = DEBE43AF1D1EF24100178DA7 /* UIKit.framework */; };
		DEBE43B21D1EF6C700178DA7 /* VideoRoomUIView.swift in Sources */ = {isa = PBXBuildFile; fileRef = DEBE43B11D1EF6C700178DA7 /* VideoRoomUIView.swift */; };
		DEC944411D3F3042006884CF /* TAmf3Socket.framework in Frameworks */ = {isa = PBXBuildFile; fileRef = DEC944401D3F3042006884CF /* TAmf3Socket.framework */; };
		DEC944461D3F5218006884CF /* Chat.bundle in Resources */ = {isa = PBXBuildFile; fileRef = DEC944451D3F5218006884CF /* Chat.bundle */; };
		DECECC9E1D2B4FE00030939E /* MJRefresh.framework in Frameworks */ = {isa = PBXBuildFile; fileRef = DECECC9C1D2B4FE00030939E /* MJRefresh.framework */; settings = {ATTRIBUTES = (Required, ); }; };
		DECECCBD1D2B606C0030939E /* libsqlite3.tbd in Frameworks */ = {isa = PBXBuildFile; fileRef = DECECCBC1D2B606C0030939E /* libsqlite3.tbd */; };
		DEDF8C711D1A5C7C005A7AC4 /* libz.tbd in Frameworks */ = {isa = PBXBuildFile; fileRef = DEDF8C701D1A5C7C005A7AC4 /* libz.tbd */; };
		DEDF8C731D1A5C8C005A7AC4 /* libiconv.tbd in Frameworks */ = {isa = PBXBuildFile; fileRef = DEDF8C721D1A5C8C005A7AC4 /* libiconv.tbd */; };
		DEDF8C751D1A5C96005A7AC4 /* libbz2.tbd in Frameworks */ = {isa = PBXBuildFile; fileRef = DEDF8C741D1A5C96005A7AC4 /* libbz2.tbd */; };
		DEDF8C771D1A5CB4005A7AC4 /* VideoToolbox.framework in Frameworks */ = {isa = PBXBuildFile; fileRef = DEDF8C761D1A5CB4005A7AC4 /* VideoToolbox.framework */; };
		DEF400B91D1D55770093A883 /* Accelerate.framework in Frameworks */ = {isa = PBXBuildFile; fileRef = DEF400B81D1D55770093A883 /* Accelerate.framework */; };
/* End PBXBuildFile section */

/* Begin PBXFileReference section */
		3A05038CEC7076ADA61914DD /* Pods_TVideoRoom.framework */ = {isa = PBXFileReference; explicitFileType = wrapper.framework; includeInIndex = 0; path = Pods_TVideoRoom.framework; sourceTree = BUILT_PRODUCTS_DIR; };
		7DB479574F5ACCE894A1A69B /* Pods-TVideoRoom.debug.xcconfig */ = {isa = PBXFileReference; includeInIndex = 1; lastKnownFileType = text.xcconfig; name = "Pods-TVideoRoom.debug.xcconfig"; path = "../Pods/Target Support Files/Pods-TVideoRoom/Pods-TVideoRoom.debug.xcconfig"; sourceTree = "<group>"; };
		99C9714B582FE9324A3F6698 /* Pods-TVideoRoom.release.xcconfig */ = {isa = PBXFileReference; includeInIndex = 1; lastKnownFileType = text.xcconfig; name = "Pods-TVideoRoom.release.xcconfig"; path = "../Pods/Target Support Files/Pods-TVideoRoom/Pods-TVideoRoom.release.xcconfig"; sourceTree = "<group>"; };
		DE05D4901D2BE0820015FE5A /* TChat.framework */ = {isa = PBXFileReference; lastKnownFileType = wrapper.framework; name = TChat.framework; path = "../../../Library/Developer/Xcode/DerivedData/TWork-bvaedicxmznhtecvdmknxiicdypz/Build/Products/Release-iphonesimulator/TChat.framework"; sourceTree = "<group>"; };
		DE16451A1D1F7C2D00E21B4A /* RankViewController.swift */ = {isa = PBXFileReference; fileEncoding = 4; lastKnownFileType = sourcecode.swift; name = RankViewController.swift; path = view/RankViewController.swift; sourceTree = "<group>"; };
		DE16451C1D1F7C5F00E21B4A /* FindViewController.swift */ = {isa = PBXFileReference; fileEncoding = 4; lastKnownFileType = sourcecode.swift; name = FindViewController.swift; path = view/FindViewController.swift; sourceTree = "<group>"; };
		DE16451E1D1F7C7F00E21B4A /* MyDetailViewController.swift */ = {isa = PBXFileReference; fileEncoding = 4; lastKnownFileType = sourcecode.swift; name = MyDetailViewController.swift; path = view/MyDetailViewController.swift; sourceTree = "<group>"; };
		DE1645211D1F8B1000E21B4A /* ProgressHUDManager.swift */ = {isa = PBXFileReference; fileEncoding = 4; lastKnownFileType = sourcecode.swift; path = ProgressHUDManager.swift; sourceTree = "<group>"; };
		DE1645241D1F8E6D00E21B4A /* LFBCollectionView.swift */ = {isa = PBXFileReference; fileEncoding = 4; lastKnownFileType = sourcecode.swift; path = LFBCollectionView.swift; sourceTree = "<group>"; };
		DE1645261D1F8F4000E21B4A /* PageScrollView.swift */ = {isa = PBXFileReference; fileEncoding = 4; lastKnownFileType = sourcecode.swift; path = PageScrollView.swift; sourceTree = "<group>"; };
		DE1645281D1F8FDB00E21B4A /* HomeTableHeadView.swift */ = {isa = PBXFileReference; fileEncoding = 4; lastKnownFileType = sourcecode.swift; path = HomeTableHeadView.swift; sourceTree = "<group>"; };
		DE16452C1D1F912900E21B4A /* DictModelProtocol.swift */ = {isa = PBXFileReference; fileEncoding = 4; lastKnownFileType = sourcecode.swift; path = DictModelProtocol.swift; sourceTree = "<group>"; };
		DE16452E1D1F96BD00E21B4A /* HomeCell.swift */ = {isa = PBXFileReference; fileEncoding = 4; lastKnownFileType = sourcecode.swift; path = HomeCell.swift; sourceTree = "<group>"; };
		DE1645301D1FBE1A00E21B4A /* FreshHot.swift */ = {isa = PBXFileReference; fileEncoding = 4; lastKnownFileType = sourcecode.swift; path = FreshHot.swift; sourceTree = "<group>"; };
		DE1645321D1FBF8700E21B4A /* WebViewController.swift */ = {isa = PBXFileReference; fileEncoding = 4; lastKnownFileType = sourcecode.swift; path = WebViewController.swift; sourceTree = "<group>"; };
		DE1645341D1FBFD200E21B4A /* LoadProgressAnimationView.swift */ = {isa = PBXFileReference; fileEncoding = 4; lastKnownFileType = sourcecode.swift; path = LoadProgressAnimationView.swift; sourceTree = "<group>"; };
		DE1645361D1FC55900E21B4A /* LFBRefreshHeader.swift */ = {isa = PBXFileReference; fileEncoding = 4; lastKnownFileType = sourcecode.swift; path = LFBRefreshHeader.swift; sourceTree = "<group>"; };
		DE1645381D20C7EC00E21B4A /* HttpTavenService.swift */ = {isa = PBXFileReference; fileEncoding = 4; lastKnownFileType = sourcecode.swift; path = HttpTavenService.swift; sourceTree = "<group>"; };
		DE16453C1D20E10F00E21B4A /* HomeViewData.swift */ = {isa = PBXFileReference; fileEncoding = 4; lastKnownFileType = sourcecode.swift; path = HomeViewData.swift; sourceTree = "<group>"; };
		DE36415E1D004FC600A3FE24 /* TVideoRoom.app */ = {isa = PBXFileReference; explicitFileType = wrapper.application; includeInIndex = 0; path = TVideoRoom.app; sourceTree = BUILT_PRODUCTS_DIR; };
		DE3641611D004FC600A3FE24 /* AppDelegate.swift */ = {isa = PBXFileReference; lastKnownFileType = sourcecode.swift; path = AppDelegate.swift; sourceTree = "<group>"; };
		DE3641631D004FC600A3FE24 /* HomeViewController.swift */ = {isa = PBXFileReference; lastKnownFileType = sourcecode.swift; path = HomeViewController.swift; sourceTree = "<group>"; };
		DE3641661D004FC600A3FE24 /* Base */ = {isa = PBXFileReference; lastKnownFileType = file.storyboard; name = Base; path = Base.lproj/Main.storyboard; sourceTree = "<group>"; };
		DE3641681D004FC600A3FE24 /* Assets.xcassets */ = {isa = PBXFileReference; lastKnownFileType = folder.assetcatalog; path = Assets.xcassets; sourceTree = "<group>"; };
		DE36416B1D004FC600A3FE24 /* Base */ = {isa = PBXFileReference; lastKnownFileType = file.storyboard; name = Base; path = Base.lproj/LaunchScreen.storyboard; sourceTree = "<group>"; };
		DE36416D1D004FC600A3FE24 /* Info.plist */ = {isa = PBXFileReference; lastKnownFileType = text.plist.xml; path = Info.plist; sourceTree = "<group>"; };
		DE3641781D00507A00A3FE24 /* DataCenter.swift */ = {isa = PBXFileReference; fileEncoding = 4; lastKnownFileType = sourcecode.swift; path = DataCenter.swift; sourceTree = "<group>"; };
		DE36417D1D0050CA00A3FE24 /* As3MsgControl.swift */ = {isa = PBXFileReference; fileEncoding = 4; lastKnownFileType = sourcecode.swift; path = As3MsgControl.swift; sourceTree = "<group>"; };
		DE36417E1D0050CA00A3FE24 /* RMessages.swift */ = {isa = PBXFileReference; fileEncoding = 4; lastKnownFileType = sourcecode.swift; path = RMessages.swift; sourceTree = "<group>"; };
		DE36417F1D0050CA00A3FE24 /* SMessages.swift */ = {isa = PBXFileReference; fileEncoding = 4; lastKnownFileType = sourcecode.swift; path = SMessages.swift; sourceTree = "<group>"; };
		DE3641801D0050CA00A3FE24 /* EventCollection.swift */ = {isa = PBXFileReference; fileEncoding = 4; lastKnownFileType = sourcecode.swift; name = EventCollection.swift; path = ../EventCollection.swift; sourceTree = "<group>"; };
		DE3641831D0050CA00A3FE24 /* SocketManager.swift */ = {isa = PBXFileReference; fileEncoding = 4; lastKnownFileType = sourcecode.swift; path = SocketManager.swift; sourceTree = "<group>"; };
		DE48447F1D1A447400C17A5B /* BBSZLib.framework */ = {isa = PBXFileReference; explicitFileType = wrapper.framework; name = BBSZLib.framework; path = "/Users/zhangxinhua/Library/Developer/Xcode/DerivedData/My-dtqmqojntoofsheudqnkusrwdgtp/Build/Products/Debug-iphoneos/BBSZLib.framework"; sourceTree = "<absolute>"; };
		DE4844821D1A447400C17A5B /* CocoaAsyncSocket.framework */ = {isa = PBXFileReference; explicitFileType = wrapper.framework; name = CocoaAsyncSocket.framework; path = "/Users/zhangxinhua/Library/Developer/Xcode/DerivedData/My-dtqmqojntoofsheudqnkusrwdgtp/Build/Products/Debug-iphoneos/CocoaAsyncSocket.framework"; sourceTree = "<absolute>"; };
		DE4844861D1A44C400C17A5B /* Pods_TNetServer.framework */ = {isa = PBXFileReference; explicitFileType = wrapper.framework; name = Pods_TNetServer.framework; path = "/Users/zhangxinhua/Library/Developer/Xcode/DerivedData/My-dtqmqojntoofsheudqnkusrwdgtp/Build/Products/Debug-iphoneos/Pods_TNetServer.framework"; sourceTree = "<absolute>"; };
		DE696AF31D2CBC1F007F69F7 /* libFlurry_7.6.4.a */ = {isa = PBXFileReference; lastKnownFileType = archive.ar; name = libFlurry_7.6.4.a; path = ../libs/libFlurry_7.6.4.a; sourceTree = "<group>"; };
		DE696AF71D2CE820007F69F7 /* libFlurryWatch_7.6.4.a */ = {isa = PBXFileReference; lastKnownFileType = archive.ar; name = libFlurryWatch_7.6.4.a; path = ../libs/libFlurryWatch_7.6.4.a; sourceTree = "<group>"; };
		DE696B121D2E3B66007F69F7 /* AlertViewUtils.swift */ = {isa = PBXFileReference; fileEncoding = 4; lastKnownFileType = sourcecode.swift; path = AlertViewUtils.swift; sourceTree = "<group>"; };
		DE6DEAB01D1D2D0B001A72B9 /* TRtmpPlay.framework */ = {isa = PBXFileReference; lastKnownFileType = wrapper.framework; name = TRtmpPlay.framework; path = "../../../../Library/Developer/Xcode/DerivedData/My-dtqmqojntoofsheudqnkusrwdgtp/Build/Products/Debug-iphoneos/TRtmpPlay.framework"; sourceTree = "<group>"; };
		DE7A27A71D1AD22100DAAD8C /* NSLoggerSupport.swift */ = {isa = PBXFileReference; fileEncoding = 4; lastKnownFileType = sourcecode.swift; name = NSLoggerSupport.swift; path = ../../NSLoggerSupport.swift; sourceTree = "<group>"; };
		DE7A27A91D1AD7B900DAAD8C /* TVideoRoom-Bridging-Header.h */ = {isa = PBXFileReference; lastKnownFileType = sourcecode.c.h; path = "TVideoRoom-Bridging-Header.h"; sourceTree = "<group>"; };
		DE7D6A9C1D2FEA2D001FC105 /* CryptoSwift.framework */ = {isa = PBXFileReference; explicitFileType = wrapper.framework; name = CryptoSwift.framework; path = "/Users/zhangxinhua/Library/Developer/Xcode/DerivedData/TWork-bvaedicxmznhtecvdmknxiicdypz/Build/Products/Release-iphonesimulator/CryptoSwift.framework"; sourceTree = "<absolute>"; };
		DE7D6A9F1D2FEB79001FC105 /* BBSZLib.framework */ = {isa = PBXFileReference; explicitFileType = wrapper.framework; name = BBSZLib.framework; path = "/Users/zhangxinhua/Library/Developer/Xcode/DerivedData/TWork-bvaedicxmznhtecvdmknxiicdypz/Build/Products/Release-iphoneos/BBSZLib.framework"; sourceTree = "<absolute>"; };
		DE7D6AA21D2FEB79001FC105 /* CocoaAsyncSocket.framework */ = {isa = PBXFileReference; explicitFileType = wrapper.framework; name = CocoaAsyncSocket.framework; path = "/Users/zhangxinhua/Library/Developer/Xcode/DerivedData/TWork-bvaedicxmznhtecvdmknxiicdypz/Build/Products/Release-iphoneos/CocoaAsyncSocket.framework"; sourceTree = "<absolute>"; };
		DE7D6AA51D2FEB79001FC105 /* CryptoSwift.framework */ = {isa = PBXFileReference; explicitFileType = wrapper.framework; name = CryptoSwift.framework; path = "/Users/zhangxinhua/Library/Developer/Xcode/DerivedData/TWork-bvaedicxmznhtecvdmknxiicdypz/Build/Products/Release-iphoneos/CryptoSwift.framework"; sourceTree = "<absolute>"; };
		DE7D6AA91D2FEB82001FC105 /* TNetServer.framework */ = {isa = PBXFileReference; explicitFileType = wrapper.framework; name = TNetServer.framework; path = "/Users/zhangxinhua/Library/Developer/Xcode/DerivedData/TWork-bvaedicxmznhtecvdmknxiicdypz/Build/Products/Release-iphoneos/TNetServer.framework"; sourceTree = "<absolute>"; };
		DE7D6AAC1D2FEB99001FC105 /* TRtmpPlay.framework */ = {isa = PBXFileReference; lastKnownFileType = wrapper.framework; name = TRtmpPlay.framework; path = "../../../Library/Developer/Xcode/DerivedData/TWork-bvaedicxmznhtecvdmknxiicdypz/Build/Products/Release-iphoneos/TRtmpPlay.framework"; sourceTree = "<group>"; };
		DE8724A61D2FA11000A6AE61 /* SwiftyJSON.framework */ = {isa = PBXFileReference; explicitFileType = wrapper.framework; name = SwiftyJSON.framework; path = "/Users/zhangxinhua/Library/Developer/Xcode/DerivedData/TWork-bvaedicxmznhtecvdmknxiicdypz/Build/Products/Debug-iphoneos/SwiftyJSON.framework"; sourceTree = "<absolute>"; };
		DEA1CFA11D368C75006F290E /* Alamofire.framework */ = {isa = PBXFileReference; lastKnownFileType = wrapper.framework; name = Alamofire.framework; path = "../../../Library/Developer/Xcode/DerivedData/TWork-bvaedicxmznhtecvdmknxiicdypz/Build/Products/Release-iphonesimulator/Alamofire.framework"; sourceTree = "<group>"; };
		DEA1CFA31D368C9F006F290E /* TNetServer.framework */ = {isa = PBXFileReference; lastKnownFileType = wrapper.framework; path = TNetServer.framework; sourceTree = "<group>"; };
		DEA1CFA51D368CB1006F290E /* BBSZLib.framework */ = {isa = PBXFileReference; lastKnownFileType = wrapper.framework; name = BBSZLib.framework; path = "../../../Library/Developer/Xcode/DerivedData/TWork-bvaedicxmznhtecvdmknxiicdypz/Build/Products/Release-iphonesimulator/BBSZLib.framework"; sourceTree = "<group>"; };
		DEA1CFA71D368D4E006F290E /* TNetServer.framework */ = {isa = PBXFileReference; lastKnownFileType = wrapper.framework; path = TNetServer.framework; sourceTree = "<group>"; };
		DEA1CFAE1D368F3A006F290E /* Chat.bundle */ = {isa = PBXFileReference; lastKnownFileType = "wrapper.plug-in"; path = Chat.bundle; sourceTree = "<group>"; };
		DEB6F09A1D0133D400C7DD6C /* Foundation.framework */ = {isa = PBXFileReference; lastKnownFileType = wrapper.framework; name = Foundation.framework; path = System/Library/Frameworks/Foundation.framework; sourceTree = SDKROOT; };
		DEBE43931D1EB33F00178DA7 /* MainTabBarController.swift */ = {isa = PBXFileReference; fileEncoding = 4; lastKnownFileType = sourcecode.swift; path = MainTabBarController.swift; sourceTree = "<group>"; };
		DEBE43951D1EB56100178DA7 /* GlobalConfig.swift */ = {isa = PBXFileReference; fileEncoding = 4; lastKnownFileType = sourcecode.swift; path = GlobalConfig.swift; sourceTree = "<group>"; };
		DEBE43971D1EB60200178DA7 /* TRtmpPlay.framework */ = {isa = PBXFileReference; lastKnownFileType = wrapper.framework; name = TRtmpPlay.framework; path = "../../../../Library/Developer/Xcode/DerivedData/TWork-eecurtetrhttwrayhsverbfrztns/Build/Products/Debug-iphonesimulator/TRtmpPlay.framework"; sourceTree = "<group>"; };
		DEBE439A1D1EB75F00178DA7 /* UIExtension.swift */ = {isa = PBXFileReference; fileEncoding = 4; lastKnownFileType = sourcecode.swift; path = UIExtension.swift; sourceTree = "<group>"; };
		DEBE439C1D1EB80B00178DA7 /* CustomButton.swift */ = {isa = PBXFileReference; fileEncoding = 4; lastKnownFileType = sourcecode.swift; name = CustomButton.swift; path = ../CustomButton.swift; sourceTree = "<group>"; };
		DEBE439E1D1EBA0500178DA7 /* BaseTabViewController.swift */ = {isa = PBXFileReference; fileEncoding = 4; lastKnownFileType = sourcecode.swift; name = BaseTabViewController.swift; path = ../view/BaseTabViewController.swift; sourceTree = "<group>"; };
		DEBE43A01D1EBD0600178DA7 /* SwiftyJSON.framework */ = {isa = PBXFileReference; lastKnownFileType = wrapper.framework; name = SwiftyJSON.framework; path = "/Users/zhangxinhua/Desktop/xcode/tavenWork/Pods/../build/Debug-iphoneos/SwiftyJSON.framework"; sourceTree = "<absolute>"; };
		DEBE43A21D1EBD2F00178DA7 /* CryptoSwift.framework */ = {isa = PBXFileReference; lastKnownFileType = wrapper.framework; name = CryptoSwift.framework; path = "/Users/zhangxinhua/Desktop/xcode/tavenWork/Pods/../build/Debug-iphoneos/CryptoSwift.framework"; sourceTree = "<absolute>"; };
		DEBE43A41D1EBD4D00178DA7 /* NSLogger.framework */ = {isa = PBXFileReference; lastKnownFileType = wrapper.framework; name = NSLogger.framework; path = "/Users/zhangxinhua/Desktop/xcode/tavenWork/Pods/../build/Debug-iphoneos/NSLogger.framework"; sourceTree = "<absolute>"; };
		DEBE43A61D1EBD7300178DA7 /* Alamofire.framework */ = {isa = PBXFileReference; lastKnownFileType = wrapper.framework; name = Alamofire.framework; path = "/Users/zhangxinhua/Desktop/xcode/tavenWork/Pods/../build/Debug-iphoneos/Alamofire.framework"; sourceTree = "<absolute>"; };
		DEBE43A81D1EBD8F00178DA7 /* SDWebImage.framework */ = {isa = PBXFileReference; lastKnownFileType = wrapper.framework; name = SDWebImage.framework; path = "/Users/zhangxinhua/Desktop/xcode/tavenWork/Pods/../build/Debug-iphoneos/SDWebImage.framework"; sourceTree = "<absolute>"; };
		DEBE43A91D1EBD8F00178DA7 /* SVProgressHUD.framework */ = {isa = PBXFileReference; lastKnownFileType = wrapper.framework; name = SVProgressHUD.framework; path = "/Users/zhangxinhua/Desktop/xcode/tavenWork/Pods/../build/Debug-iphoneos/SVProgressHUD.framework"; sourceTree = "<absolute>"; };
		DEBE43AC1D1EC05F00178DA7 /* BaseNavigationController.swift */ = {isa = PBXFileReference; fileEncoding = 4; lastKnownFileType = sourcecode.swift; name = BaseNavigationController.swift; path = ../view/BaseNavigationController.swift; sourceTree = "<group>"; };
		DEBE43AF1D1EF24100178DA7 /* UIKit.framework */ = {isa = PBXFileReference; lastKnownFileType = wrapper.framework; name = UIKit.framework; path = System/Library/Frameworks/UIKit.framework; sourceTree = SDKROOT; };
		DEBE43B11D1EF6C700178DA7 /* VideoRoomUIView.swift */ = {isa = PBXFileReference; fileEncoding = 4; lastKnownFileType = sourcecode.swift; name = VideoRoomUIView.swift; path = ../view/VideoRoomUIView.swift; sourceTree = "<group>"; };
		DEC944401D3F3042006884CF /* TAmf3Socket.framework */ = {isa = PBXFileReference; lastKnownFileType = wrapper.framework; name = TAmf3Socket.framework; path = "../TNetServer/build/Debug-iphoneos/TAmf3Socket.framework"; sourceTree = "<group>"; };
		DEC944451D3F5218006884CF /* Chat.bundle */ = {isa = PBXFileReference; lastKnownFileType = "wrapper.plug-in"; path = Chat.bundle; sourceTree = "<group>"; };
		DECECC8E1D2B4ECA0030939E /* TChat.framework */ = {isa = PBXFileReference; lastKnownFileType = wrapper.framework; name = TChat.framework; path = "../../../Library/Developer/Xcode/DerivedData/TWork-bvaedicxmznhtecvdmknxiicdypz/Build/Products/Debug-iphoneos/TChat.framework"; sourceTree = "<group>"; };
		DECECC901D2B4F090030939E /* BBSZLib.framework */ = {isa = PBXFileReference; explicitFileType = wrapper.framework; name = BBSZLib.framework; path = "/Users/zhangxinhua/Library/Developer/Xcode/DerivedData/TWork-bvaedicxmznhtecvdmknxiicdypz/Build/Products/Debug-iphoneos/BBSZLib.framework"; sourceTree = "<absolute>"; };
		DECECC931D2B4F090030939E /* CocoaAsyncSocket.framework */ = {isa = PBXFileReference; explicitFileType = wrapper.framework; name = CocoaAsyncSocket.framework; path = "/Users/zhangxinhua/Library/Developer/Xcode/DerivedData/TWork-bvaedicxmznhtecvdmknxiicdypz/Build/Products/Debug-iphoneos/CocoaAsyncSocket.framework"; sourceTree = "<absolute>"; };
		DECECC961D2B4F090030939E /* CryptoSwift.framework */ = {isa = PBXFileReference; explicitFileType = wrapper.framework; name = CryptoSwift.framework; path = "/Users/zhangxinhua/Library/Developer/Xcode/DerivedData/TWork-bvaedicxmznhtecvdmknxiicdypz/Build/Products/Debug-iphoneos/CryptoSwift.framework"; sourceTree = "<absolute>"; };
		DECECC9B1D2B4FE00030939E /* Alamofire.framework */ = {isa = PBXFileReference; lastKnownFileType = wrapper.framework; name = Alamofire.framework; path = "../../../Library/Developer/Xcode/DerivedData/TWork-bvaedicxmznhtecvdmknxiicdypz/Build/Products/Debug-iphonesimulator/Alamofire.framework"; sourceTree = "<group>"; };
		DECECC9C1D2B4FE00030939E /* MJRefresh.framework */ = {isa = PBXFileReference; lastKnownFileType = wrapper.framework; name = MJRefresh.framework; path = "../../../Library/Developer/Xcode/DerivedData/TWork-bvaedicxmznhtecvdmknxiicdypz/Build/Products/Debug-iphonesimulator/MJRefresh.framework"; sourceTree = "<group>"; };
		DECECC9F1D2B4FF70030939E /* BBSZLib.framework */ = {isa = PBXFileReference; explicitFileType = wrapper.framework; name = BBSZLib.framework; path = "/Users/zhangxinhua/Library/Developer/Xcode/DerivedData/TWork-bvaedicxmznhtecvdmknxiicdypz/Build/Products/Debug-iphonesimulator/BBSZLib.framework"; sourceTree = "<absolute>"; };
		DECECCA21D2B4FF70030939E /* CocoaAsyncSocket.framework */ = {isa = PBXFileReference; explicitFileType = wrapper.framework; name = CocoaAsyncSocket.framework; path = "/Users/zhangxinhua/Library/Developer/Xcode/DerivedData/TWork-bvaedicxmznhtecvdmknxiicdypz/Build/Products/Debug-iphonesimulator/CocoaAsyncSocket.framework"; sourceTree = "<absolute>"; };
		DECECCA51D2B4FF70030939E /* CryptoSwift.framework */ = {isa = PBXFileReference; explicitFileType = wrapper.framework; name = CryptoSwift.framework; path = "/Users/zhangxinhua/Library/Developer/Xcode/DerivedData/TWork-bvaedicxmznhtecvdmknxiicdypz/Build/Products/Debug-iphonesimulator/CryptoSwift.framework"; sourceTree = "<absolute>"; };
		DECECCA91D2B53AD0030939E /* Pods_TNetServer.framework */ = {isa = PBXFileReference; lastKnownFileType = wrapper.framework; name = Pods_TNetServer.framework; path = "../../../Library/Developer/Xcode/DerivedData/TWork-bvaedicxmznhtecvdmknxiicdypz/Build/Products/Debug-iphonesimulator/Pods_TNetServer.framework"; sourceTree = "<group>"; };
		DECECCB21D2B55000030939E /* TNetServer.framework */ = {isa = PBXFileReference; lastKnownFileType = wrapper.framework; name = TNetServer.framework; path = "../../../Library/Developer/Xcode/DerivedData/TWork-bvaedicxmznhtecvdmknxiicdypz/Build/Products/Debug-iphonesimulator/TNetServer.framework"; sourceTree = "<group>"; };
		DECECCB31D2B55000030939E /* TRtmpPlay.framework */ = {isa = PBXFileReference; lastKnownFileType = wrapper.framework; name = TRtmpPlay.framework; path = "../../../Library/Developer/Xcode/DerivedData/TWork-bvaedicxmznhtecvdmknxiicdypz/Build/Products/Debug-iphonesimulator/TRtmpPlay.framework"; sourceTree = "<group>"; };
		DECECCBA1D2B56B70030939E /* TChat.framework */ = {isa = PBXFileReference; lastKnownFileType = wrapper.framework; name = TChat.framework; path = "../../../Library/Developer/Xcode/DerivedData/TWork-bvaedicxmznhtecvdmknxiicdypz/Build/Products/Debug-iphonesimulator/TChat.framework"; sourceTree = "<group>"; };
		DECECCBC1D2B606C0030939E /* libsqlite3.tbd */ = {isa = PBXFileReference; lastKnownFileType = "sourcecode.text-based-dylib-definition"; name = libsqlite3.tbd; path = usr/lib/libsqlite3.tbd; sourceTree = SDKROOT; };
		DECECCBE1D2B61940030939E /* TNetServer.framework */ = {isa = PBXFileReference; explicitFileType = wrapper.framework; name = TNetServer.framework; path = "/Users/zhangxinhua/Library/Developer/Xcode/DerivedData/TWork-bvaedicxmznhtecvdmknxiicdypz/Build/Products/Debug-iphoneos/TNetServer.framework"; sourceTree = "<absolute>"; };
		DEDF8C701D1A5C7C005A7AC4 /* libz.tbd */ = {isa = PBXFileReference; lastKnownFileType = "sourcecode.text-based-dylib-definition"; name = libz.tbd; path = usr/lib/libz.tbd; sourceTree = SDKROOT; };
		DEDF8C721D1A5C8C005A7AC4 /* libiconv.tbd */ = {isa = PBXFileReference; lastKnownFileType = "sourcecode.text-based-dylib-definition"; name = libiconv.tbd; path = usr/lib/libiconv.tbd; sourceTree = SDKROOT; };
		DEDF8C741D1A5C96005A7AC4 /* libbz2.tbd */ = {isa = PBXFileReference; lastKnownFileType = "sourcecode.text-based-dylib-definition"; name = libbz2.tbd; path = usr/lib/libbz2.tbd; sourceTree = SDKROOT; };
		DEDF8C761D1A5CB4005A7AC4 /* VideoToolbox.framework */ = {isa = PBXFileReference; lastKnownFileType = wrapper.framework; name = VideoToolbox.framework; path = System/Library/Frameworks/VideoToolbox.framework; sourceTree = SDKROOT; };
		DEDF8C781D1ACFE7005A7AC4 /* TRtmpPush.framework */ = {isa = PBXFileReference; lastKnownFileType = wrapper.framework; name = TRtmpPush.framework; path = "../../../../Library/Developer/Xcode/DerivedData/My-dtqmqojntoofsheudqnkusrwdgtp/Build/Products/Debug-iphoneos/TRtmpPush.framework"; sourceTree = "<group>"; };
		DEDF8C7A1D1AD053005A7AC4 /* TNetServer.framework */ = {isa = PBXFileReference; explicitFileType = wrapper.framework; name = TNetServer.framework; path = "/Users/zhangxinhua/Library/Developer/Xcode/DerivedData/My-dtqmqojntoofsheudqnkusrwdgtp/Build/Products/Debug-iphoneos/TNetServer.framework"; sourceTree = "<absolute>"; };
		DEF400B81D1D55770093A883 /* Accelerate.framework */ = {isa = PBXFileReference; lastKnownFileType = wrapper.framework; name = Accelerate.framework; path = System/Library/Frameworks/Accelerate.framework; sourceTree = SDKROOT; };
/* End PBXFileReference section */

/* Begin PBXFrameworksBuildPhase section */
		DE36415B1D004FC600A3FE24 /* Frameworks */ = {
			isa = PBXFrameworksBuildPhase;
			buildActionMask = 2147483647;
			files = (
				DEC944411D3F3042006884CF /* TAmf3Socket.framework in Frameworks */,
				DEA1CFA21D368C75006F290E /* Alamofire.framework in Frameworks */,
				DE7D6AAD1D2FEB99001FC105 /* TRtmpPlay.framework in Frameworks */,
				DE696AFD1D2D0DA2007F69F7 /* TChat.framework in Frameworks */,
				DE696AF41D2CBC1F007F69F7 /* libFlurry_7.6.4.a in Frameworks */,
				DECECCBD1D2B606C0030939E /* libsqlite3.tbd in Frameworks */,
				DECECC9E1D2B4FE00030939E /* MJRefresh.framework in Frameworks */,
				DEBE43B01D1EF24100178DA7 /* UIKit.framework in Frameworks */,
				DEF400B91D1D55770093A883 /* Accelerate.framework in Frameworks */,
				DEDF8C771D1A5CB4005A7AC4 /* VideoToolbox.framework in Frameworks */,
				DEDF8C751D1A5C96005A7AC4 /* libbz2.tbd in Frameworks */,
				DEDF8C731D1A5C8C005A7AC4 /* libiconv.tbd in Frameworks */,
				DEDF8C711D1A5C7C005A7AC4 /* libz.tbd in Frameworks */,
				74DE4B34403B481EA6C95737 /* Pods_TVideoRoom.framework in Frameworks */,
			);
			runOnlyForDeploymentPostprocessing = 0;
		};
/* End PBXFrameworksBuildPhase section */

/* Begin PBXGroup section */
		143A64D96CC55F17043338CF /* Pods */ = {
			isa = PBXGroup;
			children = (
				7DB479574F5ACCE894A1A69B /* Pods-TVideoRoom.debug.xcconfig */,
				99C9714B582FE9324A3F6698 /* Pods-TVideoRoom.release.xcconfig */,
			);
			name = Pods;
			sourceTree = "<group>";
		};
		DE1645201D1F7D1D00E21B4A /* common */ = {
			isa = PBXGroup;
			children = (
				DEBE439E1D1EBA0500178DA7 /* BaseTabViewController.swift */,
				DEBE43AC1D1EC05F00178DA7 /* BaseNavigationController.swift */,
				DE1645211D1F8B1000E21B4A /* ProgressHUDManager.swift */,
				DE1645261D1F8F4000E21B4A /* PageScrollView.swift */,
				DE1645321D1FBF8700E21B4A /* WebViewController.swift */,
				DE1645341D1FBFD200E21B4A /* LoadProgressAnimationView.swift */,
				DE1645361D1FC55900E21B4A /* LFBRefreshHeader.swift */,
				DE696B121D2E3B66007F69F7 /* AlertViewUtils.swift */,
			);
			path = common;
			sourceTree = "<group>";
		};
		DE1645231D1F8E4700E21B4A /* homeView */ = {
			isa = PBXGroup;
			children = (
				DEBE43B11D1EF6C700178DA7 /* VideoRoomUIView.swift */,
				DEBE439C1D1EB80B00178DA7 /* CustomButton.swift */,
				DE1645241D1F8E6D00E21B4A /* LFBCollectionView.swift */,
				DE1645281D1F8FDB00E21B4A /* HomeTableHeadView.swift */,
				DE16452E1D1F96BD00E21B4A /* HomeCell.swift */,
			);
			path = homeView;
			sourceTree = "<group>";
		};
		DE16453A1D20E0BC00E21B4A /* HomeView */ = {
			isa = PBXGroup;
			children = (
				DE16453C1D20E10F00E21B4A /* HomeViewData.swift */,
			);
			name = HomeView;
			sourceTree = "<group>";
		};
		DE3641551D004FC600A3FE24 = {
			isa = PBXGroup;
			children = (
				DEC944451D3F5218006884CF /* Chat.bundle */,
				DE3641601D004FC600A3FE24 /* TVideoRoom */,
				DE36415F1D004FC600A3FE24 /* Products */,
				143A64D96CC55F17043338CF /* Pods */,
				F10C0C13BDD90EA4BB0D6ED7 /* Frameworks */,
			);
			sourceTree = "<group>";
		};
		DE36415F1D004FC600A3FE24 /* Products */ = {
			isa = PBXGroup;
			children = (
				DE36415E1D004FC600A3FE24 /* TVideoRoom.app */,
			);
			name = Products;
			sourceTree = "<group>";
		};
		DE3641601D004FC600A3FE24 /* TVideoRoom */ = {
			isa = PBXGroup;
			children = (
				DEBE43991D1EB72D00178DA7 /* extension */,
				DEBE43921D1EA7A000178DA7 /* view */,
				DE36417A1D0050CA00A3FE24 /* setvice */,
				DE3641771D00507A00A3FE24 /* model */,
				DE3641611D004FC600A3FE24 /* AppDelegate.swift */,
				DE3641651D004FC600A3FE24 /* Main.storyboard */,
				DE3641681D004FC600A3FE24 /* Assets.xcassets */,
				DE36416A1D004FC600A3FE24 /* LaunchScreen.storyboard */,
				DE36416D1D004FC600A3FE24 /* Info.plist */,
				DE7A27A91D1AD7B900DAAD8C /* TVideoRoom-Bridging-Header.h */,
				DEBE43931D1EB33F00178DA7 /* MainTabBarController.swift */,
			);
			path = TVideoRoom;
			sourceTree = "<group>";
		};
		DE3641771D00507A00A3FE24 /* model */ = {
			isa = PBXGroup;
			children = (
				DE16453A1D20E0BC00E21B4A /* HomeView */,
				DE3641781D00507A00A3FE24 /* DataCenter.swift */,
				DEBE43951D1EB56100178DA7 /* GlobalConfig.swift */,
				DE16452C1D1F912900E21B4A /* DictModelProtocol.swift */,
				DE1645301D1FBE1A00E21B4A /* FreshHot.swift */,
			);
			path = model;
			sourceTree = "<group>";
		};
		DE36417A1D0050CA00A3FE24 /* setvice */ = {
			isa = PBXGroup;
			children = (
				DE36417B1D0050CA00A3FE24 /* net */,
			);
			path = setvice;
			sourceTree = "<group>";
		};
		DE36417B1D0050CA00A3FE24 /* net */ = {
			isa = PBXGroup;
			children = (
				DE36417C1D0050CA00A3FE24 /* amfSocket */,
				DE3641811D0050CA00A3FE24 /* http */,
				DE3641821D0050CA00A3FE24 /* socket */,
				DE3641831D0050CA00A3FE24 /* SocketManager.swift */,
			);
			path = net;
			sourceTree = "<group>";
		};
		DE36417C1D0050CA00A3FE24 /* amfSocket */ = {
			isa = PBXGroup;
			children = (
				DE36417D1D0050CA00A3FE24 /* As3MsgControl.swift */,
				DE36417E1D0050CA00A3FE24 /* RMessages.swift */,
				DE36417F1D0050CA00A3FE24 /* SMessages.swift */,
			);
			path = amfSocket;
			sourceTree = "<group>";
		};
		DE3641811D0050CA00A3FE24 /* http */ = {
			isa = PBXGroup;
			children = (
				DE1645381D20C7EC00E21B4A /* HttpTavenService.swift */,
			);
			path = http;
			sourceTree = "<group>";
		};
		DE3641821D0050CA00A3FE24 /* socket */ = {
			isa = PBXGroup;
			children = (
				DE3641801D0050CA00A3FE24 /* EventCollection.swift */,
			);
			path = socket;
			sourceTree = "<group>";
		};
		DE48447E1D1A437100C17A5B /* framework */ = {
			isa = PBXGroup;
			children = (
				DE4844861D1A44C400C17A5B /* Pods_TNetServer.framework */,
				DE4844821D1A447400C17A5B /* CocoaAsyncSocket.framework */,
				DE48447F1D1A447400C17A5B /* BBSZLib.framework */,
			);
			name = framework;
			sourceTree = "<group>";
		};
		DEBE43921D1EA7A000178DA7 /* view */ = {
			isa = PBXGroup;
			children = (
				DE1645231D1F8E4700E21B4A /* homeView */,
				DE1645201D1F7D1D00E21B4A /* common */,
				DE3641631D004FC600A3FE24 /* HomeViewController.swift */,
				DE16451A1D1F7C2D00E21B4A /* RankViewController.swift */,
				DE16451C1D1F7C5F00E21B4A /* FindViewController.swift */,
				DE16451E1D1F7C7F00E21B4A /* MyDetailViewController.swift */,
			);
			name = view;
			sourceTree = "<group>";
		};
		DEBE43991D1EB72D00178DA7 /* extension */ = {
			isa = PBXGroup;
			children = (
				DE7A27A71D1AD22100DAAD8C /* NSLoggerSupport.swift */,
				DEBE439A1D1EB75F00178DA7 /* UIExtension.swift */,
			);
			path = extension;
			sourceTree = "<group>";
		};
		F10C0C13BDD90EA4BB0D6ED7 /* Frameworks */ = {
			isa = PBXGroup;
			children = (
				DEA1CFAE1D368F3A006F290E /* Chat.bundle */,
				DEA1CFA71D368D4E006F290E /* TNetServer.framework */,
				DEC944401D3F3042006884CF /* TAmf3Socket.framework */,
				DEA1CFA51D368CB1006F290E /* BBSZLib.framework */,
				DEA1CFA31D368C9F006F290E /* TNetServer.framework */,
				DEA1CFA11D368C75006F290E /* Alamofire.framework */,
				DE7D6AA91D2FEB82001FC105 /* TNetServer.framework */,
				DE7D6AA51D2FEB79001FC105 /* CryptoSwift.framework */,
				DE7D6AA21D2FEB79001FC105 /* CocoaAsyncSocket.framework */,
				DE7D6A9F1D2FEB79001FC105 /* BBSZLib.framework */,
				DE7D6A9C1D2FEA2D001FC105 /* CryptoSwift.framework */,
				DE7D6AAC1D2FEB99001FC105 /* TRtmpPlay.framework */,
				DE8724A61D2FA11000A6AE61 /* SwiftyJSON.framework */,
				DE696AF71D2CE820007F69F7 /* libFlurryWatch_7.6.4.a */,
				DE696AF31D2CBC1F007F69F7 /* libFlurry_7.6.4.a */,
				DE05D4901D2BE0820015FE5A /* TChat.framework */,
				DECECCBE1D2B61940030939E /* TNetServer.framework */,
				DECECCA51D2B4FF70030939E /* CryptoSwift.framework */,
				DECECCA21D2B4FF70030939E /* CocoaAsyncSocket.framework */,
				DECECC9F1D2B4FF70030939E /* BBSZLib.framework */,
				DECECCBC1D2B606C0030939E /* libsqlite3.tbd */,
				DECECCBA1D2B56B70030939E /* TChat.framework */,
				DECECCB21D2B55000030939E /* TNetServer.framework */,
				DECECCB31D2B55000030939E /* TRtmpPlay.framework */,
				DECECCA91D2B53AD0030939E /* Pods_TNetServer.framework */,
				DECECC9B1D2B4FE00030939E /* Alamofire.framework */,
				DECECC9C1D2B4FE00030939E /* MJRefresh.framework */,
				DECECC961D2B4F090030939E /* CryptoSwift.framework */,
				DECECC931D2B4F090030939E /* CocoaAsyncSocket.framework */,
				DECECC901D2B4F090030939E /* BBSZLib.framework */,
				DECECC8E1D2B4ECA0030939E /* TChat.framework */,
				DEBE43AF1D1EF24100178DA7 /* UIKit.framework */,
				DEBE43A81D1EBD8F00178DA7 /* SDWebImage.framework */,
				DEBE43A91D1EBD8F00178DA7 /* SVProgressHUD.framework */,
				DEBE43A61D1EBD7300178DA7 /* Alamofire.framework */,
				DEBE43A41D1EBD4D00178DA7 /* NSLogger.framework */,
				DEBE43A21D1EBD2F00178DA7 /* CryptoSwift.framework */,
				DEBE43A01D1EBD0600178DA7 /* SwiftyJSON.framework */,
				DEBE43971D1EB60200178DA7 /* TRtmpPlay.framework */,
				DEF400B81D1D55770093A883 /* Accelerate.framework */,
				DEDF8C7A1D1AD053005A7AC4 /* TNetServer.framework */,
				DE6DEAB01D1D2D0B001A72B9 /* TRtmpPlay.framework */,
				DEDF8C781D1ACFE7005A7AC4 /* TRtmpPush.framework */,
				DE48447E1D1A437100C17A5B /* framework */,
				DEDF8C761D1A5CB4005A7AC4 /* VideoToolbox.framework */,
				DEDF8C741D1A5C96005A7AC4 /* libbz2.tbd */,
				DEDF8C721D1A5C8C005A7AC4 /* libiconv.tbd */,
				DEDF8C701D1A5C7C005A7AC4 /* libz.tbd */,
				DEB6F09A1D0133D400C7DD6C /* Foundation.framework */,
				3A05038CEC7076ADA61914DD /* Pods_TVideoRoom.framework */,
			);
			name = Frameworks;
			sourceTree = "<group>";
		};
/* End PBXGroup section */

/* Begin PBXNativeTarget section */
		DE36415D1D004FC600A3FE24 /* TVideoRoom */ = {
			isa = PBXNativeTarget;
			buildConfigurationList = DE3641701D004FC600A3FE24 /* Build configuration list for PBXNativeTarget "TVideoRoom" */;
			buildPhases = (
				B3186CFA803261B15D6D0ECC /* Check Pods Manifest.lock */,
				DE36415A1D004FC600A3FE24 /* Sources */,
				DE36415B1D004FC600A3FE24 /* Frameworks */,
				DE36415C1D004FC600A3FE24 /* Resources */,
				6DC4DB5F94FF043F3CE45998 /* Embed Pods Frameworks */,
				7BB65991FC5302439623D2F9 /* Copy Pods Resources */,
				DE05D44A1D2BAB300015FE5A /* Run Script */,
			);
			buildRules = (
			);
			dependencies = (
			);
			name = TVideoRoom;
			productName = TVideoRoom;
			productReference = DE36415E1D004FC600A3FE24 /* TVideoRoom.app */;
			productType = "com.apple.product-type.application";
		};
/* End PBXNativeTarget section */

/* Begin PBXProject section */
		DE3641561D004FC600A3FE24 /* Project object */ = {
			isa = PBXProject;
			attributes = {
				LastSwiftUpdateCheck = 0730;
				LastUpgradeCheck = 0730;
				ORGANIZATIONNAME = "张新华";
				TargetAttributes = {
					DE36415D1D004FC600A3FE24 = {
						CreatedOnToolsVersion = 7.3.1;
						DevelopmentTeam = 23DN84VL44;
					};
				};
			};
			buildConfigurationList = DE3641591D004FC600A3FE24 /* Build configuration list for PBXProject "TVideoRoom" */;
			compatibilityVersion = "Xcode 3.2";
			developmentRegion = English;
			hasScannedForEncodings = 0;
			knownRegions = (
				en,
				Base,
			);
			mainGroup = DE3641551D004FC600A3FE24;
			productRefGroup = DE36415F1D004FC600A3FE24 /* Products */;
			projectDirPath = "";
			projectRoot = "";
			targets = (
				DE36415D1D004FC600A3FE24 /* TVideoRoom */,
			);
		};
/* End PBXProject section */

/* Begin PBXResourcesBuildPhase section */
		DE36415C1D004FC600A3FE24 /* Resources */ = {
			isa = PBXResourcesBuildPhase;
			buildActionMask = 2147483647;
			files = (
				DEC944461D3F5218006884CF /* Chat.bundle in Resources */,
				DE36416C1D004FC600A3FE24 /* LaunchScreen.storyboard in Resources */,
				DE3641691D004FC600A3FE24 /* Assets.xcassets in Resources */,
				DE3641671D004FC600A3FE24 /* Main.storyboard in Resources */,
			);
			runOnlyForDeploymentPostprocessing = 0;
		};
/* End PBXResourcesBuildPhase section */

/* Begin PBXShellScriptBuildPhase section */
		6DC4DB5F94FF043F3CE45998 /* Embed Pods Frameworks */ = {
			isa = PBXShellScriptBuildPhase;
			buildActionMask = 2147483647;
			files = (
			);
			inputPaths = (
			);
			name = "Embed Pods Frameworks";
			outputPaths = (
			);
			runOnlyForDeploymentPostprocessing = 0;
			shellPath = /bin/sh;
			shellScript = "\"${SRCROOT}/../Pods/Target Support Files/Pods-TVideoRoom/Pods-TVideoRoom-frameworks.sh\"\n";
			showEnvVarsInLog = 0;
		};
		7BB65991FC5302439623D2F9 /* Copy Pods Resources */ = {
			isa = PBXShellScriptBuildPhase;
			buildActionMask = 2147483647;
			files = (
			);
			inputPaths = (
			);
			name = "Copy Pods Resources";
			outputPaths = (
			);
			runOnlyForDeploymentPostprocessing = 0;
			shellPath = /bin/sh;
			shellScript = "\"${SRCROOT}/../Pods/Target Support Files/Pods-TVideoRoom/Pods-TVideoRoom-resources.sh\"\n";
			showEnvVarsInLog = 0;
		};
		B3186CFA803261B15D6D0ECC /* Check Pods Manifest.lock */ = {
			isa = PBXShellScriptBuildPhase;
			buildActionMask = 2147483647;
			files = (
			);
			inputPaths = (
			);
			name = "Check Pods Manifest.lock";
			outputPaths = (
			);
			runOnlyForDeploymentPostprocessing = 0;
			shellPath = /bin/sh;
			shellScript = "diff \"${PODS_ROOT}/../Podfile.lock\" \"${PODS_ROOT}/Manifest.lock\" > /dev/null\nif [[ $? != 0 ]] ; then\n    cat << EOM\nerror: The sandbox is not in sync with the Podfile.lock. Run 'pod install' or update your CocoaPods installation.\nEOM\n    exit 1\nfi\n";
			showEnvVarsInLog = 0;
		};
		DE05D44A1D2BAB300015FE5A /* Run Script */ = {
			isa = PBXShellScriptBuildPhase;
			buildActionMask = 2147483647;
			files = (
			);
			inputPaths = (
			);
			name = "Run Script";
			outputPaths = (
			);
			runOnlyForDeploymentPostprocessing = 0;
			shellPath = /bin/sh;
			shellScript = "\"${PODS_ROOT}/Fabric/run\" 4711ad6d815964a1103b461bc1d85ddf312b037d 009535413478c46a23989fc918cbb018799634a60912233aaac00cbd4df38c90";
		};
/* End PBXShellScriptBuildPhase section */

/* Begin PBXSourcesBuildPhase section */
		DE36415A1D004FC600A3FE24 /* Sources */ = {
			isa = PBXSourcesBuildPhase;
			buildActionMask = 2147483647;
			files = (
				DEBE439D1D1EB80B00178DA7 /* CustomButton.swift in Sources */,
				DE3641641D004FC600A3FE24 /* HomeViewController.swift in Sources */,
				DE3641851D0050CA00A3FE24 /* As3MsgControl.swift in Sources */,
				DE1645391D20C7EC00E21B4A /* HttpTavenService.swift in Sources */,
				DEBE43961D1EB56100178DA7 /* GlobalConfig.swift in Sources */,
				DE16452D1D1F912900E21B4A /* DictModelProtocol.swift in Sources */,
				DE3641891D0050CA00A3FE24 /* SocketManager.swift in Sources */,
				DE16452F1D1F96BD00E21B4A /* HomeCell.swift in Sources */,
				DEBE43941D1EB33F00178DA7 /* MainTabBarController.swift in Sources */,
				DE16451F1D1F7C7F00E21B4A /* MyDetailViewController.swift in Sources */,
				DE3641791D00507A00A3FE24 /* DataCenter.swift in Sources */,
				DE16453D1D20E10F00E21B4A /* HomeViewData.swift in Sources */,
				DE1645271D1F8F4000E21B4A /* PageScrollView.swift in Sources */,
				DE1645371D1FC55900E21B4A /* LFBRefreshHeader.swift in Sources */,
				DE1645331D1FBF8700E21B4A /* WebViewController.swift in Sources */,
				DEBE439F1D1EBA0500178DA7 /* BaseTabViewController.swift in Sources */,
				DEBE43AE1D1EF15100178DA7 /* BaseNavigationController.swift in Sources */,
				DE7A27A81D1AD22100DAAD8C /* NSLoggerSupport.swift in Sources */,
				DE16451B1D1F7C2D00E21B4A /* RankViewController.swift in Sources */,
				DE696B131D2E3B66007F69F7 /* AlertViewUtils.swift in Sources */,
				DE1645351D1FBFD200E21B4A /* LoadProgressAnimationView.swift in Sources */,
				DE1645221D1F8B1000E21B4A /* ProgressHUDManager.swift in Sources */,
				DE1645251D1F8E6D00E21B4A /* LFBCollectionView.swift in Sources */,
				DEBE439B1D1EB75F00178DA7 /* UIExtension.swift in Sources */,
				DE3641871D0050CA00A3FE24 /* SMessages.swift in Sources */,
				DE3641621D004FC600A3FE24 /* AppDelegate.swift in Sources */,
				DE16451D1D1F7C5F00E21B4A /* FindViewController.swift in Sources */,
				DE1645311D1FBE1A00E21B4A /* FreshHot.swift in Sources */,
				DEBE43B21D1EF6C700178DA7 /* VideoRoomUIView.swift in Sources */,
				DE1645291D1F8FDB00E21B4A /* HomeTableHeadView.swift in Sources */,
				DE3641861D0050CA00A3FE24 /* RMessages.swift in Sources */,
				DE3641881D0050CA00A3FE24 /* EventCollection.swift in Sources */,
			);
			runOnlyForDeploymentPostprocessing = 0;
		};
/* End PBXSourcesBuildPhase section */

/* Begin PBXVariantGroup section */
		DE3641651D004FC600A3FE24 /* Main.storyboard */ = {
			isa = PBXVariantGroup;
			children = (
				DE3641661D004FC600A3FE24 /* Base */,
			);
			name = Main.storyboard;
			sourceTree = "<group>";
		};
		DE36416A1D004FC600A3FE24 /* LaunchScreen.storyboard */ = {
			isa = PBXVariantGroup;
			children = (
				DE36416B1D004FC600A3FE24 /* Base */,
			);
			name = LaunchScreen.storyboard;
			sourceTree = "<group>";
		};
/* End PBXVariantGroup section */

/* Begin XCBuildConfiguration section */
		DE36416E1D004FC600A3FE24 /* Debug */ = {
			isa = XCBuildConfiguration;
			buildSettings = {
				ALWAYS_SEARCH_USER_PATHS = NO;
				CLANG_ANALYZER_NONNULL = YES;
				CLANG_CXX_LANGUAGE_STANDARD = "gnu++0x";
				CLANG_CXX_LIBRARY = "libc++";
				CLANG_ENABLE_MODULES = YES;
				CLANG_ENABLE_OBJC_ARC = YES;
				CLANG_WARN_BOOL_CONVERSION = YES;
				CLANG_WARN_CONSTANT_CONVERSION = YES;
				CLANG_WARN_DIRECT_OBJC_ISA_USAGE = YES_ERROR;
				CLANG_WARN_EMPTY_BODY = YES;
				CLANG_WARN_ENUM_CONVERSION = YES;
				CLANG_WARN_INT_CONVERSION = YES;
				CLANG_WARN_OBJC_ROOT_CLASS = YES_ERROR;
				CLANG_WARN_UNREACHABLE_CODE = YES;
				CLANG_WARN__DUPLICATE_METHOD_MATCH = YES;
				CODE_SIGN_IDENTITY = "iPhone Developer";
				"CODE_SIGN_IDENTITY[sdk=iphoneos*]" = "iPhone Developer";
				COPY_PHASE_STRIP = NO;
				DEBUG_INFORMATION_FORMAT = dwarf;
				ENABLE_STRICT_OBJC_MSGSEND = YES;
				ENABLE_TESTABILITY = YES;
				GCC_C_LANGUAGE_STANDARD = gnu99;
				GCC_DYNAMIC_NO_PIC = NO;
				GCC_NO_COMMON_BLOCKS = YES;
				GCC_OPTIMIZATION_LEVEL = 0;
				GCC_PREPROCESSOR_DEFINITIONS = (
					"DEBUG=1",
					"$(inherited)",
				);
				GCC_WARN_64_TO_32_BIT_CONVERSION = YES;
				GCC_WARN_ABOUT_RETURN_TYPE = YES_ERROR;
				GCC_WARN_UNDECLARED_SELECTOR = YES;
				GCC_WARN_UNINITIALIZED_AUTOS = YES_AGGRESSIVE;
				GCC_WARN_UNUSED_FUNCTION = YES;
				GCC_WARN_UNUSED_VARIABLE = YES;
				IPHONEOS_DEPLOYMENT_TARGET = 9.3;
				MTL_ENABLE_DEBUG_INFO = YES;
				ONLY_ACTIVE_ARCH = YES;
				SDKROOT = iphoneos;
				SWIFT_OPTIMIZATION_LEVEL = "-Onone";
			};
			name = Debug;
		};
		DE36416F1D004FC600A3FE24 /* Release */ = {
			isa = XCBuildConfiguration;
			buildSettings = {
				ALWAYS_SEARCH_USER_PATHS = NO;
				CLANG_ANALYZER_NONNULL = YES;
				CLANG_CXX_LANGUAGE_STANDARD = "gnu++0x";
				CLANG_CXX_LIBRARY = "libc++";
				CLANG_ENABLE_MODULES = YES;
				CLANG_ENABLE_OBJC_ARC = YES;
				CLANG_WARN_BOOL_CONVERSION = YES;
				CLANG_WARN_CONSTANT_CONVERSION = YES;
				CLANG_WARN_DIRECT_OBJC_ISA_USAGE = YES_ERROR;
				CLANG_WARN_EMPTY_BODY = YES;
				CLANG_WARN_ENUM_CONVERSION = YES;
				CLANG_WARN_INT_CONVERSION = YES;
				CLANG_WARN_OBJC_ROOT_CLASS = YES_ERROR;
				CLANG_WARN_UNREACHABLE_CODE = YES;
				CLANG_WARN__DUPLICATE_METHOD_MATCH = YES;
				CODE_SIGN_IDENTITY = "iPhone Developer";
				"CODE_SIGN_IDENTITY[sdk=iphoneos*]" = "iPhone Developer";
				COPY_PHASE_STRIP = NO;
				DEBUG_INFORMATION_FORMAT = "dwarf-with-dsym";
				ENABLE_NS_ASSERTIONS = NO;
				ENABLE_STRICT_OBJC_MSGSEND = YES;
				GCC_C_LANGUAGE_STANDARD = gnu99;
				GCC_NO_COMMON_BLOCKS = YES;
				GCC_WARN_64_TO_32_BIT_CONVERSION = YES;
				GCC_WARN_ABOUT_RETURN_TYPE = YES_ERROR;
				GCC_WARN_UNDECLARED_SELECTOR = YES;
				GCC_WARN_UNINITIALIZED_AUTOS = YES_AGGRESSIVE;
				GCC_WARN_UNUSED_FUNCTION = YES;
				GCC_WARN_UNUSED_VARIABLE = YES;
				IPHONEOS_DEPLOYMENT_TARGET = 9.3;
				MTL_ENABLE_DEBUG_INFO = NO;
				SDKROOT = iphoneos;
				VALIDATE_PRODUCT = YES;
			};
			name = Release;
		};
		DE3641711D004FC600A3FE24 /* Debug */ = {
			isa = XCBuildConfiguration;
			baseConfigurationReference = 7DB479574F5ACCE894A1A69B /* Pods-TVideoRoom.debug.xcconfig */;
			buildSettings = {
				ASSETCATALOG_COMPILER_APPICON_NAME = AppIcon;
				CLANG_ENABLE_MODULES = YES;
				CODE_SIGN_IDENTITY = "iPhone Developer";
				"CODE_SIGN_IDENTITY[sdk=iphoneos*]" = "iPhone Developer";
				ENABLE_BITCODE = NO;
				FRAMEWORK_SEARCH_PATHS = (
					"$(inherited)",
					"$(PROJECT_DIR)/lib",
					"$(PROJECT_DIR)/build/Debug-iphoneos",
					"$(PROJECT_DIR)",
				);
				HEADER_SEARCH_PATHS = (
					"$(inherited)",
					../FFmpeg,
				);
				INFOPLIST_FILE = TVideoRoom/Info.plist;
				IPHONEOS_DEPLOYMENT_TARGET = 9.3;
				LD_RUNPATH_SEARCH_PATHS = "$(inherited) @executable_path/Frameworks";
				LIBRARY_SEARCH_PATHS = ../libs;
				OTHER_LDFLAGS = (
					"$(inherited)",
					"-framework",
					"\"Alamofire\"",
					"-framework",
					"\"CryptoSwift\"",
					"-framework",
					"\"MJRefresh\"",
					"-framework",
					"\"NSLogger\"",
					"-framework",
					"\"SDWebImage\"",
					"-framework",
					"\"SVProgressHUD\"",
					"-framework",
					"\"SwiftyJSON\"",
					"-ObjC",
				);
				OTHER_SWIFT_FLAGS = "$(inherited) \"-D\" \"COCOAPODS\" -D DEBUG";
				PRODUCT_BUNDLE_IDENTIFIER = taven.TVideo;
				PRODUCT_NAME = "$(TARGET_NAME)";
				PROVISIONING_PROFILE = "ce465af3-eedc-43d1-863f-c96da30d3e03";
				SWIFT_OBJC_BRIDGING_HEADER = "TVideoRoom/TVideoRoom-Bridging-Header.h";
				SWIFT_OPTIMIZATION_LEVEL = "-Onone";
			};
			name = Debug;
		};
		DE3641721D004FC600A3FE24 /* Release */ = {
			isa = XCBuildConfiguration;
			baseConfigurationReference = 99C9714B582FE9324A3F6698 /* Pods-TVideoRoom.release.xcconfig */;
			buildSettings = {
				ASSETCATALOG_COMPILER_APPICON_NAME = AppIcon;
				CLANG_ENABLE_MODULES = YES;
				CODE_SIGN_IDENTITY = "iPhone Distribution: Xinhua Zhang (23DN84VL44)";
				"CODE_SIGN_IDENTITY[sdk=iphoneos*]" = "iPhone Distribution: Xinhua Zhang (23DN84VL44)";
				ENABLE_BITCODE = NO;
				FRAMEWORK_SEARCH_PATHS = (
					"$(inherited)",
					"$(PROJECT_DIR)/lib",
					"$(PROJECT_DIR)/build/Debug-iphoneos",
					"$(PROJECT_DIR)",
				);
				HEADER_SEARCH_PATHS = (
					"$(inherited)",
					../FFmpeg,
				);
				INFOPLIST_FILE = TVideoRoom/Info.plist;
				IPHONEOS_DEPLOYMENT_TARGET = 9.3;
				LD_RUNPATH_SEARCH_PATHS = "$(inherited) @executable_path/Frameworks";
				LIBRARY_SEARCH_PATHS = ../libs;
				ONLY_ACTIVE_ARCH = YES;
				OTHER_LDFLAGS = (
					"$(inherited)",
					"-framework",
					"\"Alamofire\"",
					"-framework",
					"\"CryptoSwift\"",
					"-framework",
					"\"MJRefresh\"",
					"-framework",
					"\"NSLogger\"",
					"-framework",
					"\"SDWebImage\"",
					"-framework",
					"\"SVProgressHUD\"",
					"-framework",
					"\"SwiftyJSON\"",
					"-ObjC",
				);
				PRODUCT_BUNDLE_IDENTIFIER = taven.TVideo;
				PRODUCT_NAME = "$(TARGET_NAME)";
				PROVISIONING_PROFILE = "ce465af3-eedc-43d1-863f-c96da30d3e03";
				SWIFT_OBJC_BRIDGING_HEADER = "TVideoRoom/TVideoRoom-Bridging-Header.h";
			};
			name = Release;
		};
/* End XCBuildConfiguration section */

/* Begin XCConfigurationList section */
		DE3641591D004FC600A3FE24 /* Build configuration list for PBXProject "TVideoRoom" */ = {
			isa = XCConfigurationList;
			buildConfigurations = (
				DE36416E1D004FC600A3FE24 /* Debug */,
				DE36416F1D004FC600A3FE24 /* Release */,
			);
			defaultConfigurationIsVisible = 0;
			defaultConfigurationName = Debug;
		};
		DE3641701D004FC600A3FE24 /* Build configuration list for PBXNativeTarget "TVideoRoom" */ = {
			isa = XCConfigurationList;
			buildConfigurations = (
				DE3641711D004FC600A3FE24 /* Debug */,
				DE3641721D004FC600A3FE24 /* Release */,
			);
			defaultConfigurationIsVisible = 0;
			defaultConfigurationName = Debug;
		};
/* End XCConfigurationList section */
	};
	rootObject = DE3641561D004FC600A3FE24 /* Project object */;
}
